
Microsoft Visual Studio Solution File, Format Version 12.00
# Visual Studio Version 17
VisualStudioVersion = 17.3.32929.385
MinimumVisualStudioVersion = 10.0.40219.1
Project("{9A19103F-16F7-4668-BE54-9A1E7A4F7556}") = "AIS_N3_Plavec_Alen", "AIS_N3_Plavec_Alen\AIS_N3_Plavec_Alen.csproj", "{A2CE6BAA-99E0-4DE6-B317-C2B25EB42CE1}"
EndProject
Project("{FAE04EC0-301F-11D3-BF4B-00C04F79EFBC}") = "blazor_n8", "blazor_n8\blazor_n8.csproj", "{0DF64716-B0B1-428E-BF5F-034B8F71CE40}"
EndProject
Global
	GlobalSection(SolutionConfigurationPlatforms) = preSolution
		Debug|Any CPU = Debug|Any CPU
		Release|Any CPU = Release|Any CPU
	EndGlobalSection
	GlobalSection(ProjectConfigurationPlatforms) = postSolution
		{A2CE6BAA-99E0-4DE6-B317-C2B25EB42CE1}.Debug|Any CPU.ActiveCfg = Debug|Any CPU
		{A2CE6BAA-99E0-4DE6-B317-C2B25EB42CE1}.Debug|Any CPU.Build.0 = Debug|Any CPU
		{A2CE6BAA-99E0-4DE6-B317-C2B25EB42CE1}.Release|Any CPU.ActiveCfg = Release|Any CPU
		{A2CE6BAA-99E0-4DE6-B317-C2B25EB42CE1}.Release|Any CPU.Build.0 = Release|Any CPU
		{0DF64716-B0B1-428E-BF5F-034B8F71CE40}.Debug|Any CPU.ActiveCfg = Debug|Any CPU
		{0DF64716-B0B1-428E-BF5F-034B8F71CE40}.Debug|Any CPU.Build.0 = Debug|Any CPU
		{0DF64716-B0B1-428E-BF5F-034B8F71CE40}.Release|Any CPU.ActiveCfg = Release|Any CPU
		{0DF64716-B0B1-428E-BF5F-034B8F71CE40}.Release|Any CPU.Build.0 = Release|Any CPU
	EndGlobalSection
	GlobalSection(SolutionProperties) = preSolution
		HideSolutionNode = FALSE
	EndGlobalSection
	GlobalSection(ExtensibilityGlobals) = postSolution
		SolutionGuid = {3BA0EDE6-F9F4-4666-8297-DCF7AFAE6FAC}
	EndGlobalSection
EndGlobal
